{
  "name": "WordleVersus",
  "lockfileVersion": 3,
  "requires": true,
  "packages": {
    "": {
      "dependencies": {
        "express-error-handler": "^1.1.0"
      }
    },
    "node_modules/express-error-handler": {
      "version": "1.1.0",
      "resolved": "https://registry.npmjs.org/express-error-handler/-/express-error-handler-1.1.0.tgz",
      "integrity": "sha512-ftywa80qwdkH2e5J8HJmZ+ZTm8iGFuLgJe/SPswWF0QVNex74q9bFGOIoubHOvuFoW4T+2Bl9jO4TO8dqu4cVw==",
      "dependencies": {
        "mout": "0.12.0"
      }
    },
    "node_modules/mout": {
      "version": "0.12.0",
      "resolved": "https://registry.npmjs.org/mout/-/mout-0.12.0.tgz",
      "integrity": "sha512-Rg50LHjI9qhmW5TJIfhJpbLuXG9h8UVCbh/W/1e4DrNbfIDcw3TCOUntJWWSRjZEhzNkAy7vX16nlAp9AJ6Shg=="
    }
  }
}
